# Third-party dependencies

spdlog https://github.com/ThatTanishqTak/spdlog.git 79524ddd08a4ec981b7fea76afd08ee05f83755d v1.17.0
glm https://github.com/ThatTanishqTak/glm.git 8d1fd52e5ab5590e2c81768ace50c72bae28f2ed 1.0.3 (upstream branch 1.0)
entt https://github.com/ThatTanishqTak/entt.git 85c6bba014049b5de8fad49d25424df2f1f6a8c1 v4.0.0
yaml-cpp https://github.com/ThatTanishqTak/yaml-cpp.git 56e3bb550c91fd7005566f19c079cb7a503223cf yaml-cpp-0.9.0
JoltPhysics https://github.com/ThatTanishqTak/JoltPhysics.git e77f175595e64cb44218cc9d9d56fc365ad0e36a v5.6.0
box2d https://github.com/ThatTanishqTak/box2d.git 8c661469c9507d3ad6fbd2fea3f1aa71669c2fe3 v3.1.1
imgui https://github.com/ThatTanishqTak/imgui.git b48d1afbe8ee8b238e2961dc363a949dd7304e23 v1.92.9b-docking (branch docking)
ImGuizmo https://github.com/ThatTanishqTak/ImGuizmo.git 18cef5e031d8c6973d80284c67f60549fafd78c1 master, no release tag
stb https://github.com/ThatTanishqTak/stb.git 2c980bb59875b0d32144a71867fbdebb2f77cd20 master, no release tag
miniaudio https://github.com/ThatTanishqTak/miniaudio.git 9634bedb5b5a2ca38c1ee7108a9358a4e233f14d 0.11.25
simdjson https://github.com/ThatTanishqTak/simdjson.git f5de14f09256982933af2849beb43778bd421ca7 v4.6.11 (upstream branch 4.6.x)
fastgltf https://github.com/ThatTanishqTak/fastgltf.git 705564d4d54500ae88befb0db9e361e447923655 v0.9.1
meshoptimizer https://github.com/ThatTanishqTak/meshoptimizer.git 9e1f07b159d3cb777f1c67ed31fc11fd117986f4 v1.3
assimp https://github.com/ThatTanishqTak/assimp.git 392a658f9c271be965271f45e7521a1b80ea4392 v6.0.5
freetype https://github.com/ThatTanishqTak/freetype.git 0a0221a1347e2f1e07c395263540026e9a0aa7c7 VER-2-14-3
RmlUi https://github.com/ThatTanishqTak/RmlUi.git ba95ffe8bfb6370efb2cdcca927eaad4710c5413 6.3
Vulkan-Headers https://github.com/ThatTanishqTak/Vulkan-Headers.git 6802bb4733b63ed5efd3adb308a6c885ef180ea1 vulkan-sdk-1.4.363.0
volk https://github.com/ThatTanishqTak/volk.git 54fc0d7a72887cbfc5b030d26897b2b40ac53fb8 vulkan-sdk-1.4.363.0
VulkanMemoryAllocator https://github.com/ThatTanishqTak/VulkanMemoryAllocator.git 3aa921224c154a0d2c43912bc88e1c42ce1f7607 v3.4.0
DirectX-Headers https://github.com/ThatTanishqTak/DirectX-Headers.git ee479f0bd5f7b884f202bcf0c3f076cc050dd256 v1.619.5
D3D12MemoryAllocator https://github.com/ThatTanishqTak/D3D12MemoryAllocator.git 1d86c1130f61453634b1df85782e1fecfd59a525 v3.2.0
KTX-Software https://github.com/ThatTanishqTak/KTX-Software.git 4d6fc70eaf62ad0558e63e8d97eb9766118327a6 v4.4.2